Microsoft Visual Studio Solution File, Format Version 11.00
# Visual Studio 2008

Project("{E0210998-5703-F99C-D709-F50441093FDF}") = "Rall and Ball", "Assembly-CSharp.csproj", "{9D694945-95DB-2236-68C0-CF6D6DCC0874}"
EndProject
Global
	GlobalSection(SolutionConfigurationPlatforms) = preSolution
		Debug|Any CPU = Debug|Any CPU
		Release|Any CPU = Release|Any CPU
	EndGlobalSection
	GlobalSection(ProjectConfigurationPlatforms) = postSolution
		{9D694945-95DB-2236-68C0-CF6D6DCC0874}.Debug|Any CPU.ActiveCfg = Debug|Any CPU
		{9D694945-95DB-2236-68C0-CF6D6DCC0874}.Debug|Any CPU.Build.0 = Debug|Any CPU
		{9D694945-95DB-2236-68C0-CF6D6DCC0874}.Release|Any CPU.ActiveCfg = Release|Any CPU
		{9D694945-95DB-2236-68C0-CF6D6DCC0874}.Release|Any CPU.Build.0 = Release|Any CPU
	EndGlobalSection
	GlobalSection(SolutionProperties) = preSolution
		HideSolutionNode = FALSE
	EndGlobalSection
	GlobalSection(MonoDevelopProperties) = preSolution
		StartupItem = Assembly-CSharp.csproj
	EndGlobalSection
EndGlobal
